
Microsoft Visual Studio Solution File, Format Version 12.00
# Visual Studio 14
VisualStudioVersion = 14.0.25420.1
MinimumVisualStudioVersion = 10.0.40219.1
Project("{FAE04EC0-301F-11D3-BF4B-00C04F79EFBC}") = "WEEK10_ANDAYAA_SBIT3J", "WEEK10_ANDAYAA_SBIT3J\WEEK10_ANDAYAA_SBIT3J.csproj", "{83AF4B28-C216-4207-B18F-433956C438EB}"
EndProject
Global
	GlobalSection(SolutionConfigurationPlatforms) = preSolution
		Debug|Any CPU = Debug|Any CPU
		Release|Any CPU = Release|Any CPU
	EndGlobalSection
	GlobalSection(ProjectConfigurationPlatforms) = postSolution
		{83AF4B28-C216-4207-B18F-433956C438EB}.Debug|Any CPU.ActiveCfg = Debug|Any CPU
		{83AF4B28-C216-4207-B18F-433956C438EB}.Debug|Any CPU.Build.0 = Debug|Any CPU
		{83AF4B28-C216-4207-B18F-433956C438EB}.Release|Any CPU.ActiveCfg = Release|Any CPU
		{83AF4B28-C216-4207-B18F-433956C438EB}.Release|Any CPU.Build.0 = Release|Any CPU
	EndGlobalSection
	GlobalSection(SolutionProperties) = preSolution
		HideSolutionNode = FALSE
	EndGlobalSection
EndGlobal
